
Microsoft Visual Studio Solution File, Format Version 12.00
# Visual Studio Version 17
VisualStudioVersion = 17.8.34330.188
MinimumVisualStudioVersion = 10.0.40219.1
Project("{FAE04EC0-301F-11D3-BF4B-00C04F79EFBC}") = "CancelEditListViewRepro", "CancelEditListViewRepro.csproj", "{60C61A15-9F5F-4128-92FC-566982021C65}"
EndProject
Global
	GlobalSection(SolutionConfigurationPlatforms) = preSolution
		Debug|Any CPU = Debug|Any CPU
		Release|Any CPU = Release|Any CPU
	EndGlobalSection
	GlobalSection(ProjectConfigurationPlatforms) = postSolution
		{60C61A15-9F5F-4128-92FC-566982021C65}.Debug|Any CPU.ActiveCfg = Debug|Any CPU
		{60C61A15-9F5F-4128-92FC-566982021C65}.Debug|Any CPU.Build.0 = Debug|Any CPU
		{60C61A15-9F5F-4128-92FC-566982021C65}.Release|Any CPU.ActiveCfg = Release|Any CPU
		{60C61A15-9F5F-4128-92FC-566982021C65}.Release|Any CPU.Build.0 = Release|Any CPU
	EndGlobalSection
	GlobalSection(SolutionProperties) = preSolution
		HideSolutionNode = FALSE
	EndGlobalSection
	GlobalSection(ExtensibilityGlobals) = postSolution
		SolutionGuid = {7A69E21A-91B8-437F-872E-8F524866B2F3}
	EndGlobalSection
EndGlobal
